
Microsoft Visual Studio Solution File, Format Version 12.00
# Visual Studio Version 17
VisualStudioVersion = 17.4.33110.190
MinimumVisualStudioVersion = 10.0.40219.1
Project("{FAE04EC0-301F-11D3-BF4B-00C04F79EFBC}") = "MvcMovie", "MvcMovie.csproj", "{345E3CEB-72B8-4D2F-9541-CBC2F76AD686}"
EndProject
Global
	GlobalSection(SolutionConfigurationPlatforms) = preSolution
		Debug|Any CPU = Debug|Any CPU
		Release|Any CPU = Release|Any CPU
	EndGlobalSection
	GlobalSection(ProjectConfigurationPlatforms) = postSolution
		{345E3CEB-72B8-4D2F-9541-CBC2F76AD686}.Debug|Any CPU.ActiveCfg = Debug|Any CPU
		{345E3CEB-72B8-4D2F-9541-CBC2F76AD686}.Debug|Any CPU.Build.0 = Debug|Any CPU
		{345E3CEB-72B8-4D2F-9541-CBC2F76AD686}.Release|Any CPU.ActiveCfg = Release|Any CPU
		{345E3CEB-72B8-4D2F-9541-CBC2F76AD686}.Release|Any CPU.Build.0 = Release|Any CPU
	EndGlobalSection
	GlobalSection(SolutionProperties) = preSolution
		HideSolutionNode = FALSE
	EndGlobalSection
	GlobalSection(ExtensibilityGlobals) = postSolution
		SolutionGuid = {D82641A9-AAE7-4368-A5D1-158E72451081}
	EndGlobalSection
EndGlobal
